
Microsoft Visual Studio Solution File, Format Version 12.00
# Visual Studio Version 17
VisualStudioVersion = 17.13.35828.75 d17.13
MinimumVisualStudioVersion = 10.0.40219.1
Project("{FAE04EC0-301F-11D3-BF4B-00C04F79EFBC}") = "OrdersAPI", "OrdersAPI\OrdersAPI.csproj", "{442FF37B-E10D-4127-8874-6E2D697958EA}"
EndProject
Project("{FAE04EC0-301F-11D3-BF4B-00C04F79EFBC}") = "OrdersAPI.Tests", "OrdersAPI.Tests\OrdersAPI.Tests.csproj", "{2297E6E2-B3D2-4852-93CD-BAB11C34F329}"
EndProject
Global
	GlobalSection(SolutionConfigurationPlatforms) = preSolution
		Debug|Any CPU = Debug|Any CPU
		Release|Any CPU = Release|Any CPU
	EndGlobalSection
	GlobalSection(ProjectConfigurationPlatforms) = postSolution
		{442FF37B-E10D-4127-8874-6E2D697958EA}.Debug|Any CPU.ActiveCfg = Debug|Any CPU
		{442FF37B-E10D-4127-8874-6E2D697958EA}.Debug|Any CPU.Build.0 = Debug|Any CPU
		{442FF37B-E10D-4127-8874-6E2D697958EA}.Release|Any CPU.ActiveCfg = Release|Any CPU
		{442FF37B-E10D-4127-8874-6E2D697958EA}.Release|Any CPU.Build.0 = Release|Any CPU
		{2297E6E2-B3D2-4852-93CD-BAB11C34F329}.Debug|Any CPU.ActiveCfg = Debug|Any CPU
		{2297E6E2-B3D2-4852-93CD-BAB11C34F329}.Debug|Any CPU.Build.0 = Debug|Any CPU
		{2297E6E2-B3D2-4852-93CD-BAB11C34F329}.Release|Any CPU.ActiveCfg = Release|Any CPU
		{2297E6E2-B3D2-4852-93CD-BAB11C34F329}.Release|Any CPU.Build.0 = Release|Any CPU
	EndGlobalSection
	GlobalSection(SolutionProperties) = preSolution
		HideSolutionNode = FALSE
	EndGlobalSection
	GlobalSection(ExtensibilityGlobals) = postSolution
		SolutionGuid = {CC7AC92A-D80F-4FFB-81E8-F0BE114E0A49}
	EndGlobalSection
EndGlobal
